# THIS IS AN AUTOGENERATED FILE. DO NOT EDIT THIS FILE DIRECTLY.
# yarn lockfile v1


"@discordjs/builders@^1.3.0":
  version "1.3.0"
  resolved "https://registry.npmjs.org/@discordjs/builders/-/builders-1.3.0.tgz#20d4e3fbcd734ce2468df10407c7c6df22c9f77e"
  integrity sha512-Pvca6Nw8Hp+n3N+Wp17xjygXmMvggbh5ywUsOYE2Et4xkwwVRwgzxDJiMUuYapPtnYt4w/8aKlf5khc8ipLvhg==
  dependencies:
    "@discordjs/util" "^0.1.0"
    "@sapphire/shapeshift" "^3.7.0"
    discord-api-types "^0.37.12"
    fast-deep-equal "^3.1.3"
    ts-mixer "^6.0.1"
    tslib "^2.4.0"

"@discordjs/collection@^1.2.0":
  version "1.2.0"
  resolved "https://registry.npmjs.org/@discordjs/collection/-/collection-1.2.0.tgz#5cad4bb47521c6f0abd175bf55c84528d1ac94f7"
  integrity sha512-VvrrtGb7vbfPHzbhGq9qZB5o8FOB+kfazrxdt0OtxzSkoBuw9dURMkCwWizZ00+rDpiK2HmLHBZX+y6JsG9khw==

"@discordjs/rest@^1.3.0":
  version "1.3.0"
  resolved "https://registry.npmjs.org/@discordjs/rest/-/rest-1.3.0.tgz#26dd146eeda0c19a3076b3872a00ac9f323763c8"
  integrity sha512-U6X5J+r/MxYpPTlHFuPxXEf92aKsBaD2teBC7sWkKILIr30O8c9+XshfL7KFBCavnAqS/qE+PF9fgRilO3N44g==
  dependencies:
    "@discordjs/collection" "^1.2.0"
    "@discordjs/util" "^0.1.0"
    "@sapphire/async-queue" "^1.5.0"
    "@sapphire/snowflake" "^3.2.2"
    discord-api-types "^0.37.12"
    file-type "^18.0.0"
    tslib "^2.4.0"
    undici "^5.11.0"

"@discordjs/util@^0.1.0":
  version "0.1.0"
  resolved "https://registry.npmjs.org/@discordjs/util/-/util-0.1.0.tgz#e42ca1bf407bc6d9adf252877d1b206e32ba369a"
  integrity sha512-e7d+PaTLVQav6rOc2tojh2y6FE8S7REkqLldq1XF4soCx74XB/DIjbVbVLtBemf0nLW77ntz0v+o5DytKwFNLQ==

"@sapphire/async-queue@^1.5.0":
  version "1.5.0"
  resolved "https://registry.npmjs.org/@sapphire/async-queue/-/async-queue-1.5.0.tgz#2f255a3f186635c4fb5a2381e375d3dfbc5312d8"
  integrity sha512-JkLdIsP8fPAdh9ZZjrbHWR/+mZj0wvKS5ICibcLrRI1j84UmLMshx5n9QmL8b95d4onJ2xxiyugTgSAX7AalmA==

"@sapphire/shapeshift@^3.7.0":
  version "3.7.0"
  resolved "https://registry.npmjs.org/@sapphire/shapeshift/-/shapeshift-3.7.0.tgz#488cf06857be75826292dac451c13eeb0143602d"
  integrity sha512-A6vI1zJoxhjWo4grsxpBRBgk96SqSdjLX5WlzKp9H+bJbkM07mvwcbtbVAmUZHbi/OG3HLfiZ1rlw4BhH6tsBQ==
  dependencies:
    fast-deep-equal "^3.1.3"
    lodash.uniqwith "^4.5.0"

"@sapphire/snowflake@^3.2.2":
  version "3.2.2"
  resolved "https://registry.npmjs.org/@sapphire/snowflake/-/snowflake-3.2.2.tgz#faacdc1b5f7c43145a71eddba917de2b707ef780"
  integrity sha512-ula2O0kpSZtX9rKXNeQMrHwNd7E4jPDJYUXmEGTFdMRfyfMw+FPyh04oKMjAiDuOi64bYgVkOV3MjK+loImFhQ==

"@tokenizer/token@^0.3.0":
  version "0.3.0"
  resolved "https://registry.npmjs.org/@tokenizer/token/-/token-0.3.0.tgz#fe98a93fe789247e998c75e74e9c7c63217aa276"
  integrity sha512-OvjF+z51L3ov0OyAU0duzsYuvO01PH7x4t6DJx+guahgTnBHkhJdG7soQeTSFLWN3efnHyibZ4Z8l2EuWwJN3A==

"@types/node@*":
  version "18.11.9"
  resolved "https://registry.npmjs.org/@types/node/-/node-18.11.9.tgz#02d013de7058cea16d36168ef2fc653464cfbad4"
  integrity sha512-CRpX21/kGdzjOpFsZSkcrXMGIBWMGNIHXXBVFSH+ggkftxg+XYP20TESbh+zFvFj3EQOl5byk0HTRn1IL6hbqg==

"@types/ws@^8.5.3":
  version "8.5.3"
  resolved "https://registry.npmjs.org/@types/ws/-/ws-8.5.3.tgz#7d25a1ffbecd3c4f2d35068d0b283c037003274d"
  integrity sha512-6YOoWjruKj1uLf3INHH7D3qTXwFfEsg1kf3c0uDdSBJwfa/llkwIjrAGV7j7mVgGNbzTQ3HiHKKDXl6bJPD97w==
  dependencies:
    "@types/node" "*"

busboy@^1.6.0:
  version "1.6.0"
  resolved "https://registry.npmjs.org/busboy/-/busboy-1.6.0.tgz#966ea36a9502e43cdb9146962523b92f531f6893"
  integrity sha512-8SFQbg/0hQ9xy3UNTB0YEnsNBbWfhf7RtnzpL7TkBiTBRfrQ9Fxcnz7VJsleJpyp6rVLvXiuORqjlHi5q+PYuA==
  dependencies:
    streamsearch "^1.1.0"

discord-api-types@^0.37.12:
  version "0.37.18"
  resolved "https://registry.npmjs.org/discord-api-types/-/discord-api-types-0.37.18.tgz#1f0ca95cea4b2380ba77623a62b1d285f1237d7a"
  integrity sha512-mJ+9C8gmG5csssVZPH06Y8IGiJykljFyZc6n6F+T3vKo6yNBI5TtLIbwt6t9hJzsR5f1ITzRZ6cuPrTvRCUxqA==

discord.js@^14.6.0:
  version "14.6.0"
  resolved "https://registry.npmjs.org/discord.js/-/discord.js-14.6.0.tgz#896f7540d4c6f190dffe91d2f3e9a9f7cbc8bd26"
  integrity sha512-On1K7xpJZRe0KsziIaDih2ksYPhgxym/ZqV45i1f3yig4vUotikqs7qp5oXiTzQ/UTiNRCixUWFTh7vA1YBCqw==
  dependencies:
    "@discordjs/builders" "^1.3.0"
    "@discordjs/collection" "^1.2.0"
    "@discordjs/rest" "^1.3.0"
    "@discordjs/util" "^0.1.0"
    "@sapphire/snowflake" "^3.2.2"
    "@types/ws" "^8.5.3"
    discord-api-types "^0.37.12"
    fast-deep-equal "^3.1.3"
    lodash.snakecase "^4.1.1"
    tslib "^2.4.0"
    undici "^5.11.0"
    ws "^8.9.0"

fast-deep-equal@^3.1.3:
  version "3.1.3"
  resolved "https://registry.npmjs.org/fast-deep-equal/-/fast-deep-equal-3.1.3.tgz#3a7d56b559d6cbc3eb512325244e619a65c6c525"
  integrity sha512-f3qQ9oQy9j2AhBe/H9VC91wLmKBCCU/gDOnKNAYG5hswO7BLKj09Hc5HYNz9cGI++xlpDCIgDaitVs03ATR84Q==

file-type@^18.0.0:
  version "18.0.0"
  resolved "https://registry.npmjs.org/file-type/-/file-type-18.0.0.tgz#7a39378f8657ddc02807a0c62cb77cb4dc318197"
  integrity sha512-jjMwFpnW8PKofLE/4ohlhqwDk5k0NC6iy0UHAJFKoY1fQeGMN0GDdLgHQrvCbSpMwbqzoCZhRI5dETCZna5qVA==
  dependencies:
    readable-web-to-node-stream "^3.0.2"
    strtok3 "^7.0.0"
    token-types "^5.0.1"

html-entities@^2.3.3:
  version "2.3.3"
  resolved "https://registry.npmjs.org/html-entities/-/html-entities-2.3.3.tgz#117d7626bece327fc8baace8868fa6f5ef856e46"
  integrity sha512-DV5Ln36z34NNTDgnz0EWGBLZENelNAtkiFA4kyNOG2tDI6Mz1uSWiq1wAKdyjnJwyDiDO7Fa2SO1CTxPXL8VxA==

ieee754@^1.2.1:
  version "1.2.1"
  resolved "https://registry.npmjs.org/ieee754/-/ieee754-1.2.1.tgz#8eb7a10a63fff25d15a57b001586d177d1b0d352"
  integrity sha512-dcyqhDvX1C46lXZcVqCpK+FtMRQVdIMN6/Df5js2zouUsqG7I6sFxitIC+7KYK29KdXOLHdu9zL4sFnoVQnqaA==

inherits@^2.0.3:
  version "2.0.4"
  resolved "https://registry.npmjs.org/inherits/-/inherits-2.0.4.tgz#0fa2c64f932917c3433a0ded55363aae37416b7c"
  integrity sha512-k/vGaX4/Yla3WzyMCvTQOXYeIHvqOKtnqBduzTHpzpQZzAskKMhZ2K+EnBiSM9zGSoIFeMpXKxa4dYeZIQqewQ==

lodash.snakecase@^4.1.1:
  version "4.1.1"
  resolved "https://registry.npmjs.org/lodash.snakecase/-/lodash.snakecase-4.1.1.tgz#39d714a35357147837aefd64b5dcbb16becd8f8d"
  integrity sha512-QZ1d4xoBHYUeuouhEq3lk3Uq7ldgyFXGBhg04+oRLnIz8o9T65Eh+8YdroUwn846zchkA9yDsDl5CVVaV2nqYw==

lodash.uniqwith@^4.5.0:
  version "4.5.0"
  resolved "https://registry.npmjs.org/lodash.uniqwith/-/lodash.uniqwith-4.5.0.tgz#7a0cbf65f43b5928625a9d4d0dc54b18cadc7ef3"
  integrity sha512-7lYL8bLopMoy4CTICbxygAUq6CdRJ36vFc80DucPueUee+d5NBRxz3FdT9Pes/HEx5mPoT9jwnsEJWz1N7uq7Q==

node-fetch@^2.6.7:
  version "2.6.7"
  resolved "https://registry.npmjs.org/node-fetch/-/node-fetch-2.6.7.tgz#24de9fba827e3b4ae44dc8b20256a379160052ad"
  integrity sha512-ZjMPFEfVx5j+y2yF35Kzx5sF7kDzxuDj6ziH4FFbOp87zKDZNx8yExJIb05OGF4Nlt9IHFIMBkRl41VdvcNdbQ==
  dependencies:
    whatwg-url "^5.0.0"

peek-readable@^5.0.0:
  version "5.0.0"
  resolved "https://registry.npmjs.org/peek-readable/-/peek-readable-5.0.0.tgz#7ead2aff25dc40458c60347ea76cfdfd63efdfec"
  integrity sha512-YtCKvLUOvwtMGmrniQPdO7MwPjgkFBtFIrmfSbYmYuq3tKDV/mcfAhBth1+C3ru7uXIZasc/pHnb+YDYNkkj4A==

readable-stream@^3.6.0:
  version "3.6.0"
  resolved "https://registry.npmjs.org/readable-stream/-/readable-stream-3.6.0.tgz#337bbda3adc0706bd3e024426a286d4b4b2c9198"
  integrity sha512-BViHy7LKeTz4oNnkcLJ+lVSL6vpiFeX6/d3oSH8zCW7UxP2onchk+vTGB143xuFjHS3deTgkKoXXymXqymiIdA==
  dependencies:
    inherits "^2.0.3"
    string_decoder "^1.1.1"
    util-deprecate "^1.0.1"

readable-web-to-node-stream@^3.0.2:
  version "3.0.2"
  resolved "https://registry.npmjs.org/readable-web-to-node-stream/-/readable-web-to-node-stream-3.0.2.tgz#5d52bb5df7b54861fd48d015e93a2cb87b3ee0bb"
  integrity sha512-ePeK6cc1EcKLEhJFt/AebMCLL+GgSKhuygrZ/GLaKZYEecIgIECf4UaUuaByiGtzckwR4ain9VzUh95T1exYGw==
  dependencies:
    readable-stream "^3.6.0"

safe-buffer@~5.2.0:
  version "5.2.1"
  resolved "https://registry.npmjs.org/safe-buffer/-/safe-buffer-5.2.1.tgz#1eaf9fa9bdb1fdd4ec75f58f9cdb4e6b7827eec6"
  integrity sha512-rp3So07KcdmmKbGvgaNxQSJr7bGVSVk5S9Eq1F+ppbRo70+YeaDxkw5Dd8NPN+GD6bjnYm2VuPuCXmpuYvmCXQ==

streamsearch@^1.1.0:
  version "1.1.0"
  resolved "https://registry.npmjs.org/streamsearch/-/streamsearch-1.1.0.tgz#404dd1e2247ca94af554e841a8ef0eaa238da764"
  integrity sha512-Mcc5wHehp9aXz1ax6bZUyY5afg9u2rv5cqQI3mRrYkGC8rW2hM02jWuwjtL++LS5qinSyhj2QfLyNsuc+VsExg==

string_decoder@^1.1.1:
  version "1.3.0"
  resolved "https://registry.npmjs.org/string_decoder/-/string_decoder-1.3.0.tgz#42f114594a46cf1a8e30b0a84f56c78c3edac21e"
  integrity sha512-hkRX8U1WjJFd8LsDJ2yQ/wWWxaopEsABU1XfkM8A+j0+85JAGppt16cr1Whg6KIbb4okU6Mql6BOj+uup/wKeA==
  dependencies:
    safe-buffer "~5.2.0"

strtok3@^7.0.0:
  version "7.0.0"
  resolved "https://registry.npmjs.org/strtok3/-/strtok3-7.0.0.tgz#868c428b4ade64a8fd8fee7364256001c1a4cbe5"
  integrity sha512-pQ+V+nYQdC5H3Q7qBZAz/MO6lwGhoC2gOAjuouGf/VO0m7vQRh8QNMl2Uf6SwAtzZ9bOw3UIeBukEGNJl5dtXQ==
  dependencies:
    "@tokenizer/token" "^0.3.0"
    peek-readable "^5.0.0"

token-types@^5.0.1:
  version "5.0.1"
  resolved "https://registry.npmjs.org/token-types/-/token-types-5.0.1.tgz#aa9d9e6b23c420a675e55413b180635b86a093b4"
  integrity sha512-Y2fmSnZjQdDb9W4w4r1tswlMHylzWIeOKpx0aZH9BgGtACHhrk3OkT52AzwcuqTRBZtvvnTjDBh8eynMulu8Vg==
  dependencies:
    "@tokenizer/token" "^0.3.0"
    ieee754 "^1.2.1"

tr46@~0.0.3:
  version "0.0.3"
  resolved "https://registry.npmjs.org/tr46/-/tr46-0.0.3.tgz#8184fd347dac9cdc185992f3a6622e14b9d9ab6a"
  integrity sha512-N3WMsuqV66lT30CrXNbEjx4GEwlow3v6rr4mCcv6prnfwhS01rkgyFdjPNBYd9br7LpXV1+Emh01fHnq2Gdgrw==

ts-mixer@^6.0.1:
  version "6.0.2"
  resolved "https://registry.npmjs.org/ts-mixer/-/ts-mixer-6.0.2.tgz#3e4e4bb8daffb24435f6980b15204cb5b287e016"
  integrity sha512-zvHx3VM83m2WYCE8XL99uaM7mFwYSkjR2OZti98fabHrwkjsCvgwChda5xctein3xGOyaQhtTeDq/1H/GNvF3A==

tslib@^2.4.0:
  version "2.4.1"
  resolved "https://registry.npmjs.org/tslib/-/tslib-2.4.1.tgz#0d0bfbaac2880b91e22df0768e55be9753a5b17e"
  integrity sha512-tGyy4dAjRIEwI7BzsB0lynWgOpfqjUdq91XXAlIWD2OwKBH7oCl/GZG/HT4BOHrTlPMOASlMQ7veyTqpmRcrNA==

undici@^5.11.0:
  version "5.12.0"
  resolved "https://registry.npmjs.org/undici/-/undici-5.12.0.tgz#c758ffa704fbcd40d506e4948860ccaf4099f531"
  integrity sha512-zMLamCG62PGjd9HHMpo05bSLvvwWOZgGeiWlN/vlqu3+lRo3elxktVGEyLMX+IO7c2eflLjcW74AlkhEZm15mg==
  dependencies:
    busboy "^1.6.0"

util-deprecate@^1.0.1:
  version "1.0.2"
  resolved "https://registry.npmjs.org/util-deprecate/-/util-deprecate-1.0.2.tgz#450d4dc9fa70de732762fbd2d4a28981419a0ccf"
  integrity sha512-EPD5q1uXyFxJpCrLnCc1nHnq3gOa6DZBocAIiI2TaSCA7VCJ1UJDMagCzIkXNsUYfD1daK//LTEQ8xiIbrHtcw==

webidl-conversions@^3.0.0:
  version "3.0.1"
  resolved "https://registry.npmjs.org/webidl-conversions/-/webidl-conversions-3.0.1.tgz#24534275e2a7bc6be7bc86611cc16ae0a5654871"
  integrity sha512-2JAn3z8AR6rjK8Sm8orRC0h/bcl/DqL7tRPdGZ4I1CjdF+EaMLmYxBHyXuKL849eucPFhvBoxMsflfOb8kxaeQ==

whatwg-url@^5.0.0:
  version "5.0.0"
  resolved "https://registry.npmjs.org/whatwg-url/-/whatwg-url-5.0.0.tgz#966454e8765462e37644d3626f6742ce8b70965d"
  integrity sha512-saE57nupxk6v3HY35+jzBwYa0rKSy0XR8JSxZPwgLr7ys0IBzhGviA1/TUGJLmSVqs8pb9AnvICXEuOHLprYTw==
  dependencies:
    tr46 "~0.0.3"
    webidl-conversions "^3.0.0"

ws@^8.9.0:
  version "8.11.0"
  resolved "https://registry.npmjs.org/ws/-/ws-8.11.0.tgz#6a0d36b8edfd9f96d8b25683db2f8d7de6e8e143"
  integrity sha512-HPG3wQd9sNQoT9xHyNCXoDUa+Xw/VevmY9FoHyQ+g+rrMn4j6FB4np7Z0OhdTgjx6MgQLK7jwSy1YecU1+4Asg==
